{
  "originHash" : "b85bf2195fcc27726001aec52ba06f7542b170b38368fa9ff1ab430f88ee58f9",
  "pins" : [
    {
      "identity" : "analytics-ios",
      "kind" : "remoteSourceControl",
      "location" : "https://github.com/segmentio/analytics-ios.git",
      "state" : {
        "revision" : "78423aaae2e48e32a07246850f37c76f3d34cb84",
        "version" : "4.1.8"
      }
    },
    {
      "identity" : "taanalytics",
      "kind" : "remoteSourceControl",
      "location" : "git@github.com:TechArtists/TAAnalytics.git",
      "state" : {
        "revision" : "a344af269d4b111fabd4d0de8914965458ee4df4",
        "version" : "1.0.2"
      }
    }
  ],
  "version" : 3
}
