{
  "originHash" : "a54b786930efe7f5ec68c0f6a7133fd68de86552c2154ce724e8b0a54c327d7f",
  "pins" : [
    {
      "identity" : "analytics-ios",
      "kind" : "remoteSourceControl",
      "location" : "https://github.com/segmentio/analytics-ios.git",
      "state" : {
        "revision" : "78423aaae2e48e32a07246850f37c76f3d34cb84",
        "version" : "4.1.8"
      }
    },
    {
      "identity" : "taanalytics",
      "kind" : "remoteSourceControl",
      "location" : "git@github.com:TechArtists/TAAnalytics.git",
      "state" : {
        "revision" : "1409bc6ea7ae77cd82b949ae569e9c4b25fcfb7d",
        "version" : "0.9.6"
      }
    }
  ],
  "version" : 3
}
